
Microsoft Visual Studio Solution File, Format Version 12.00
# Visual Studio Version 17
VisualStudioVersion = 17.9.34622.214
MinimumVisualStudioVersion = 10.0.40219.1
Project("{FAE04EC0-301F-11D3-BF4B-00C04F79EFBC}") = "Market Application", "Market Application.csproj", "{3BF55DE3-B9A8-42CF-B3E6-BEDFF574050C}"
EndProject
Global
	GlobalSection(SolutionConfigurationPlatforms) = preSolution
		Debug|Any CPU = Debug|Any CPU
		Release|Any CPU = Release|Any CPU
	EndGlobalSection
	GlobalSection(ProjectConfigurationPlatforms) = postSolution
		{3BF55DE3-B9A8-42CF-B3E6-BEDFF574050C}.Debug|Any CPU.ActiveCfg = Debug|Any CPU
		{3BF55DE3-B9A8-42CF-B3E6-BEDFF574050C}.Debug|Any CPU.Build.0 = Debug|Any CPU
		{3BF55DE3-B9A8-42CF-B3E6-BEDFF574050C}.Release|Any CPU.ActiveCfg = Release|Any CPU
		{3BF55DE3-B9A8-42CF-B3E6-BEDFF574050C}.Release|Any CPU.Build.0 = Release|Any CPU
	EndGlobalSection
	GlobalSection(SolutionProperties) = preSolution
		HideSolutionNode = FALSE
	EndGlobalSection
	GlobalSection(ExtensibilityGlobals) = postSolution
		SolutionGuid = {B0E0C506-48EB-413A-A890-5E976C4102C3}
	EndGlobalSection
EndGlobal
